Microsoft Visual Studio Solution File, Format Version 12.00
# Visual Studio Version 17
VisualStudioVersion = 17.5.2.0
MinimumVisualStudioVersion = 10.0.40219.1
Project("{FAE04EC0-301F-11D3-BF4B-00C04F79EFBC}") = "CCA2025Test1", "CCA2025Test1.csproj", "{3E119C34-4586-F308-7E29-6D18353AFD67}"
EndProject
Global
	GlobalSection(SolutionConfigurationPlatforms) = preSolution
		Debug|Any CPU = Debug|Any CPU
		Release|Any CPU = Release|Any CPU
	EndGlobalSection
	GlobalSection(ProjectConfigurationPlatforms) = postSolution
		{3E119C34-4586-F308-7E29-6D18353AFD67}.Debug|Any CPU.ActiveCfg = Debug|Any CPU
		{3E119C34-4586-F308-7E29-6D18353AFD67}.Debug|Any CPU.Build.0 = Debug|Any CPU
		{3E119C34-4586-F308-7E29-6D18353AFD67}.Release|Any CPU.ActiveCfg = Release|Any CPU
		{3E119C34-4586-F308-7E29-6D18353AFD67}.Release|Any CPU.Build.0 = Release|Any CPU
	EndGlobalSection
	GlobalSection(SolutionProperties) = preSolution
		HideSolutionNode = FALSE
	EndGlobalSection
	GlobalSection(ExtensibilityGlobals) = postSolution
		SolutionGuid = {EAEB953C-D454-4381-8871-80B011DC33B5}
	EndGlobalSection
EndGlobal
